{
  "pins" : [
    {
      "identity" : "kmp-nativecoroutines",
      "kind" : "remoteSourceControl",
      "location" : "https://github.com/rickclephas/KMP-NativeCoroutines.git",
      "state" : {
        "branch" : "master",
        "revision" : "84993bb7e5ae1be8856b1f2d0b52d1a53cebdbfe"
      }
    },
    {
      "identity" : "kmp-observableviewmodel",
      "kind" : "remoteSourceControl",
      "location" : "https://github.com/rickclephas/KMP-ObservableViewModel.git",
      "state" : {
        "branch" : "master",
        "revision" : "a94525baa10dfb5870d16b9a7155e0854deb705c"
      }
    },
    {
      "identity" : "rxswift",
      "kind" : "remoteSourceControl",
      "location" : "https://github.com/ReactiveX/RxSwift.git",
      "state" : {
        "revision" : "b06a8c8596e4c3e8e7788e08e720e3248563ce6a",
        "version" : "6.7.1"
      }
    }
  ],
  "version" : 2
}
